{
  "name": "taskrouter-sdk-v2-sample",
  "version": "1.0.0",
  "lockfileVersion": 1,
  "requires": true,
  "dependencies": {
    "async-limiter": {
      "version": "1.0.1",
      "resolved": "https://registry.npmjs.org/async-limiter/-/async-limiter-1.0.1.tgz",
      "integrity": "sha512-csOlWGAcRFJaI6m+F2WKdnMKr4HhdhFVBk0H/QbJFMCr+uO2kwohwXQPxw/9OCxp05r5ghVBFSyioixx3gfkNQ=="
    },
    "dotenv": {
      "version": "8.2.0",
      "resolved": "https://registry.npmjs.org/dotenv/-/dotenv-8.2.0.tgz",
      "integrity": "sha512-8sJ78ElpbDJBHNeBzUbUVLsqKdccaa/BXF1uPTw3GrvQTBgrQrtObr2mUrE38vzYd8cEv+m/JBfDLioYcfXoaw=="
    },
    "lodash": {
      "version": "4.17.15",
      "resolved": "https://registry.npmjs.org/lodash/-/lodash-4.17.15.tgz",
      "integrity": "sha512-8xOcRHvCjnocdS5cpwXQXVzmmh5e5+saE2QGoeQmbKmRS6J3VQppPOIt0MnmE+4xlZoumy0GPG0D0MVIQbNA1A=="
    },
    "loglevel": {
      "version": "1.6.8",
      "resolved": "https://registry.npmjs.org/loglevel/-/loglevel-1.6.8.tgz",
      "integrity": "sha512-bsU7+gc9AJ2SqpzxwU3+1fedl8zAntbtC5XYlt3s2j1hJcn2PsXSmgN8TaLG/J1/2mod4+cE/3vNL70/c1RNCA=="
    },
    "twilio-taskrouter": {
      "version": "0.5.1",
      "resolved": "https://registry.npmjs.org/twilio-taskrouter/-/twilio-taskrouter-0.5.1.tgz",
      "integrity": "sha512-wtWmTYxDb5nGxdMH2BI0dtN8B09b4oAsBm+KsdEPyYSazJPbtMc4h/aNFBDfGMJEmSqZBQWNsrP5A9UqmOQHQw==",
      "requires": {
        "lodash": "^4.17.5",
        "loglevel": "^1.4.1",
        "ws": "^5.1.0",
        "xmlhttprequest": "^1.8.0"
      }
    },
    "ws": {
      "version": "5.2.2",
      "resolved": "https://registry.npmjs.org/ws/-/ws-5.2.2.tgz",
      "integrity": "sha512-jaHFD6PFv6UgoIVda6qZllptQsMlDEJkTQcybzzXDYM1XO9Y8em691FGMPmM46WGyLU4z9KMgQN+qrux/nhlHA==",
      "requires": {
        "async-limiter": "~1.0.0"
      }
    },
    "xmlhttprequest": {
      "version": "1.8.0",
      "resolved": "https://registry.npmjs.org/xmlhttprequest/-/xmlhttprequest-1.8.0.tgz",
      "integrity": "sha1-Z/4HXFwk/vOfnWX197f+dRcZaPw="
    }
  }
}
